
Microsoft Visual Studio Solution File, Format Version 12.00
# Visual Studio 15
VisualStudioVersion = 15.0.27004.2010
MinimumVisualStudioVersion = 10.0.40219.1
Project("{FAE04EC0-301F-11D3-BF4B-00C04F79EFBC}") = "TypedReader", "TypedReader\TypedReader.csproj", "{32C3343C-4B34-417A-B8C2-E4E1C348E7F1}"
EndProject
Project("{FAE04EC0-301F-11D3-BF4B-00C04F79EFBC}") = "TypedReader.TestClient", "TypedReader.TestClient\TypedReader.TestClient.csproj", "{848E4A01-5250-4046-8F13-B0435361322A}"
EndProject
Project("{FAE04EC0-301F-11D3-BF4B-00C04F79EFBC}") = "TypedReader.Tests", "TypedReader.Tests\TypedReader.Tests.csproj", "{D54984E2-9A9A-45DB-BDE5-D1B036A8ADCE}"
EndProject
Global
	GlobalSection(SolutionConfigurationPlatforms) = preSolution
		Debug|Any CPU = Debug|Any CPU
		Release|Any CPU = Release|Any CPU
	EndGlobalSection
	GlobalSection(ProjectConfigurationPlatforms) = postSolution
		{32C3343C-4B34-417A-B8C2-E4E1C348E7F1}.Debug|Any CPU.ActiveCfg = Debug|Any CPU
		{32C3343C-4B34-417A-B8C2-E4E1C348E7F1}.Debug|Any CPU.Build.0 = Debug|Any CPU
		{32C3343C-4B34-417A-B8C2-E4E1C348E7F1}.Release|Any CPU.ActiveCfg = Release|Any CPU
		{32C3343C-4B34-417A-B8C2-E4E1C348E7F1}.Release|Any CPU.Build.0 = Release|Any CPU
		{848E4A01-5250-4046-8F13-B0435361322A}.Debug|Any CPU.ActiveCfg = Debug|Any CPU
		{848E4A01-5250-4046-8F13-B0435361322A}.Debug|Any CPU.Build.0 = Debug|Any CPU
		{848E4A01-5250-4046-8F13-B0435361322A}.Release|Any CPU.ActiveCfg = Release|Any CPU
		{848E4A01-5250-4046-8F13-B0435361322A}.Release|Any CPU.Build.0 = Release|Any CPU
		{D54984E2-9A9A-45DB-BDE5-D1B036A8ADCE}.Debug|Any CPU.ActiveCfg = Debug|Any CPU
		{D54984E2-9A9A-45DB-BDE5-D1B036A8ADCE}.Debug|Any CPU.Build.0 = Debug|Any CPU
		{D54984E2-9A9A-45DB-BDE5-D1B036A8ADCE}.Release|Any CPU.ActiveCfg = Release|Any CPU
		{D54984E2-9A9A-45DB-BDE5-D1B036A8ADCE}.Release|Any CPU.Build.0 = Release|Any CPU
	EndGlobalSection
	GlobalSection(SolutionProperties) = preSolution
		HideSolutionNode = FALSE
	EndGlobalSection
	GlobalSection(ExtensibilityGlobals) = postSolution
		SolutionGuid = {1D7A2685-E55B-41FA-AD65-30AB1256B9D4}
	EndGlobalSection
EndGlobal
